{
  "name": "wendy",
  "version": "1.0.0",
  "lockfileVersion": 3,
  "requires": true,
  "packages": {
    "": {
      "name": "wendy",
      "version": "1.0.0",
      "license": "ISC",
      "dependencies": {
        "ppp": "file:",
        "react": "file:",
        "wendy": "file:"
      }
    },
    "node_modules/ppp": {
      "resolved": "",
      "link": true
    },
    "node_modules/react": {
      "resolved": "",
      "link": true
    },
    "node_modules/wendy": {
      "resolved": "",
      "link": true
    }
  }
}
